
Microsoft Visual Studio Solution File, Format Version 12.00
# Visual Studio Version 17
VisualStudioVersion = 17.6.33927.249
MinimumVisualStudioVersion = 10.0.40219.1
Project("{9A19103F-16F7-4668-BE54-9A1E7A4F7556}") = "CoreDemo", "CoreDemo\CoreDemo.csproj", "{31BB6115-5B05-4CCC-A439-7BD0D16EFA77}"
EndProject
Project("{FAE04EC0-301F-11D3-BF4B-00C04F79EFBC}") = "EntityLayer", "EntityLayer\EntityLayer.csproj", "{FC3AF6B9-0360-4FC4-9318-7B12E1DF96DF}"
EndProject
Project("{FAE04EC0-301F-11D3-BF4B-00C04F79EFBC}") = "DataAccessLayer", "DataAccessLayer\DataAccessLayer.csproj", "{F59A24FF-AEE8-4E66-94F7-0D5FDC8A8B66}"
EndProject
Project("{FAE04EC0-301F-11D3-BF4B-00C04F79EFBC}") = "BusinessLayer", "BusinessLayer\BusinessLayer.csproj", "{996083AF-94B1-41FE-A149-DBFA97E6BD7D}"
EndProject
Project("{FAE04EC0-301F-11D3-BF4B-00C04F79EFBC}") = "CoreLayer", "CoreLayer\CoreLayer.csproj", "{667D8094-801E-4D4B-8D7F-1252D85E41D4}"
EndProject
Global
	GlobalSection(SolutionConfigurationPlatforms) = preSolution
		Debug|Any CPU = Debug|Any CPU
		Release|Any CPU = Release|Any CPU
	EndGlobalSection
	GlobalSection(ProjectConfigurationPlatforms) = postSolution
		{31BB6115-5B05-4CCC-A439-7BD0D16EFA77}.Debug|Any CPU.ActiveCfg = Debug|Any CPU
		{31BB6115-5B05-4CCC-A439-7BD0D16EFA77}.Debug|Any CPU.Build.0 = Debug|Any CPU
		{31BB6115-5B05-4CCC-A439-7BD0D16EFA77}.Release|Any CPU.ActiveCfg = Release|Any CPU
		{31BB6115-5B05-4CCC-A439-7BD0D16EFA77}.Release|Any CPU.Build.0 = Release|Any CPU
		{FC3AF6B9-0360-4FC4-9318-7B12E1DF96DF}.Debug|Any CPU.ActiveCfg = Debug|Any CPU
		{FC3AF6B9-0360-4FC4-9318-7B12E1DF96DF}.Debug|Any CPU.Build.0 = Debug|Any CPU
		{FC3AF6B9-0360-4FC4-9318-7B12E1DF96DF}.Release|Any CPU.ActiveCfg = Release|Any CPU
		{FC3AF6B9-0360-4FC4-9318-7B12E1DF96DF}.Release|Any CPU.Build.0 = Release|Any CPU
		{F59A24FF-AEE8-4E66-94F7-0D5FDC8A8B66}.Debug|Any CPU.ActiveCfg = Debug|Any CPU
		{F59A24FF-AEE8-4E66-94F7-0D5FDC8A8B66}.Debug|Any CPU.Build.0 = Debug|Any CPU
		{F59A24FF-AEE8-4E66-94F7-0D5FDC8A8B66}.Release|Any CPU.ActiveCfg = Release|Any CPU
		{F59A24FF-AEE8-4E66-94F7-0D5FDC8A8B66}.Release|Any CPU.Build.0 = Release|Any CPU
		{996083AF-94B1-41FE-A149-DBFA97E6BD7D}.Debug|Any CPU.ActiveCfg = Debug|Any CPU
		{996083AF-94B1-41FE-A149-DBFA97E6BD7D}.Debug|Any CPU.Build.0 = Debug|Any CPU
		{996083AF-94B1-41FE-A149-DBFA97E6BD7D}.Release|Any CPU.ActiveCfg = Release|Any CPU
		{996083AF-94B1-41FE-A149-DBFA97E6BD7D}.Release|Any CPU.Build.0 = Release|Any CPU
		{667D8094-801E-4D4B-8D7F-1252D85E41D4}.Debug|Any CPU.ActiveCfg = Debug|Any CPU
		{667D8094-801E-4D4B-8D7F-1252D85E41D4}.Debug|Any CPU.Build.0 = Debug|Any CPU
		{667D8094-801E-4D4B-8D7F-1252D85E41D4}.Release|Any CPU.ActiveCfg = Release|Any CPU
		{667D8094-801E-4D4B-8D7F-1252D85E41D4}.Release|Any CPU.Build.0 = Release|Any CPU
	EndGlobalSection
	GlobalSection(SolutionProperties) = preSolution
		HideSolutionNode = FALSE
	EndGlobalSection
	GlobalSection(ExtensibilityGlobals) = postSolution
		SolutionGuid = {179A46D3-B930-4D1C-B63B-F0B2EB8EF22A}
	EndGlobalSection
EndGlobal
